// !$*UTF8*$!
{
	archiveVersion = 1;
	classes = {
	};
	objectVersion = 50;
	objects = {

/* Begin PBXBuildFile section */
		2CF8217B350324FCF0D9B43F /* libPods-Web3Objc.a in Frameworks */ = {isa = PBXBuildFile; fileRef = FA120132AFF3F96DC23A2F2D /* libPods-Web3Objc.a */; };
		6504A3762462B75400CD20BB /* AppDelegate.m in Sources */ = {isa = PBXBuildFile; fileRef = 6504A3752462B75400CD20BB /* AppDelegate.m */; };
		6504A3792462B75400CD20BB /* SceneDelegate.m in Sources */ = {isa = PBXBuildFile; fileRef = 6504A3782462B75400CD20BB /* SceneDelegate.m */; };
		6504A37C2462B75400CD20BB /* ViewController.m in Sources */ = {isa = PBXBuildFile; fileRef = 6504A37B2462B75400CD20BB /* ViewController.m */; };
		6504A37F2462B75400CD20BB /* Main.storyboard in Resources */ = {isa = PBXBuildFile; fileRef = 6504A37D2462B75400CD20BB /* Main.storyboard */; };
		6504A3812462B75700CD20BB /* Assets.xcassets in Resources */ = {isa = PBXBuildFile; fileRef = 6504A3802462B75700CD20BB /* Assets.xcassets */; };
		6504A3842462B75700CD20BB /* LaunchScreen.storyboard in Resources */ = {isa = PBXBuildFile; fileRef = 6504A3822462B75700CD20BB /* LaunchScreen.storyboard */; };
		6504A3872462B75700CD20BB /* main.m in Sources */ = {isa = PBXBuildFile; fileRef = 6504A3862462B75700CD20BB /* main.m */; };
		6504A45E2463A4F200CD20BB /* Reachability.m in Sources */ = {isa = PBXBuildFile; fileRef = 6504A38F2463A4F100CD20BB /* Reachability.m */; };
		6504A4942463A4F200CD20BB /* scrypt_sha256.c in Sources */ = {isa = PBXBuildFile; fileRef = 6504A4142463A4F100CD20BB /* scrypt_sha256.c */; };
		6504A4952463A4F200CD20BB /* crypto_scrypt-nosse.c in Sources */ = {isa = PBXBuildFile; fileRef = 6504A4152463A4F100CD20BB /* crypto_scrypt-nosse.c */; };
		6504A4962463A4F200CD20BB /* SSKeychain.m in Sources */ = {isa = PBXBuildFile; fileRef = 6504A4182463A4F100CD20BB /* SSKeychain.m */; };
		6504A4972463A4F200CD20BB /* SBJsonParser.m in Sources */ = {isa = PBXBuildFile; fileRef = 6504A41C2463A4F100CD20BB /* SBJsonParser.m */; };
		6504A4982463A4F200CD20BB /* SBJSON.m in Sources */ = {isa = PBXBuildFile; fileRef = 6504A41D2463A4F100CD20BB /* SBJSON.m */; };
		6504A4992463A4F200CD20BB /* SBJsonBase.m in Sources */ = {isa = PBXBuildFile; fileRef = 6504A41E2463A4F100CD20BB /* SBJsonBase.m */; };
		6504A49A2463A4F200CD20BB /* SBJsonWriter.m in Sources */ = {isa = PBXBuildFile; fileRef = 6504A41F2463A4F100CD20BB /* SBJsonWriter.m */; };
		6504A4E32463AADC00CD20BB /* NSMutableData+CVETH.m in Sources */ = {isa = PBXBuildFile; fileRef = 6504A4D32463AADC00CD20BB /* NSMutableData+CVETH.m */; };
		6504A4E42463AADC00CD20BB /* NSObject+CVETH.m in Sources */ = {isa = PBXBuildFile; fileRef = 6504A4D72463AADC00CD20BB /* NSObject+CVETH.m */; };
		6504A4E52463AADC00CD20BB /* NSString+CVETH.m in Sources */ = {isa = PBXBuildFile; fileRef = 6504A4D92463AADC00CD20BB /* NSString+CVETH.m */; };
		6504A4E62463AADC00CD20BB /* NSData+SECP256K1.m in Sources */ = {isa = PBXBuildFile; fileRef = 6504A4DC2463AADC00CD20BB /* NSData+SECP256K1.m */; };
		6504A4E72463AADC00CD20BB /* NSData+CVETH.m in Sources */ = {isa = PBXBuildFile; fileRef = 6504A4DE2463AADC00CD20BB /* NSData+CVETH.m */; };
		6504A4E82463AADC00CD20BB /* NSDecimalNumber+MOD.m in Sources */ = {isa = PBXBuildFile; fileRef = 6504A4E22463AADC00CD20BB /* NSDecimalNumber+MOD.m */; };
		6504A4FD2463AB6F00CD20BB /* CVETHTransaction.m in Sources */ = {isa = PBXBuildFile; fileRef = 6504A4EC2463AB6F00CD20BB /* CVETHTransaction.m */; };
		6504A4FE2463AB6F00CD20BB /* CVETHJsonRPC.m in Sources */ = {isa = PBXBuildFile; fileRef = 6504A4EF2463AB6F00CD20BB /* CVETHJsonRPC.m */; };
		6504A4FF2463AB6F00CD20BB /* CVETH.m in Sources */ = {isa = PBXBuildFile; fileRef = 6504A4F02463AB6F00CD20BB /* CVETH.m */; };
		6504A5002463AB6F00CD20BB /* CVETHABIArgument.m in Sources */ = {isa = PBXBuildFile; fileRef = 6504A4F32463AB6F00CD20BB /* CVETHABIArgument.m */; };
		6504A5012463AB6F00CD20BB /* CVETHWallet.m in Sources */ = {isa = PBXBuildFile; fileRef = 6504A4F52463AB6F00CD20BB /* CVETHWallet.m */; };
		6504A5022463AB6F00CD20BB /* CVETHKeyStore.m in Sources */ = {isa = PBXBuildFile; fileRef = 6504A4F82463AB6F00CD20BB /* CVETHKeyStore.m */; };
		6504A5032463AB6F00CD20BB /* CVWebAPI.m in Sources */ = {isa = PBXBuildFile; fileRef = 6504A4FB2463AB6F00CD20BB /* CVWebAPI.m */; };
		6542BF3B24B2DC41000520CF /* CVBTCWallet.m in Sources */ = {isa = PBXBuildFile; fileRef = 6542BF3A24B2DC41000520CF /* CVBTCWallet.m */; };
		65891FC02463ED3F00E11F7E /* PKWeb3Objc.m in Sources */ = {isa = PBXBuildFile; fileRef = 65891FBF2463ED3F00E11F7E /* PKWeb3Objc.m */; };
		65891FC32463ED9D00E11F7E /* PKWeb3Eth.m in Sources */ = {isa = PBXBuildFile; fileRef = 65891FC22463ED9D00E11F7E /* PKWeb3Eth.m */; };
		65891FC62463EDA800E11F7E /* PKWeb3Utils.m in Sources */ = {isa = PBXBuildFile; fileRef = 65891FC52463EDA800E11F7E /* PKWeb3Utils.m */; };
		65891FCB2463F65B00E11F7E /* PKWeb3EthContract.m in Sources */ = {isa = PBXBuildFile; fileRef = 65891FCA2463F65B00E11F7E /* PKWeb3EthContract.m */; };
		65891FCE2463F66900E11F7E /* PKWeb3EthAccounts.m in Sources */ = {isa = PBXBuildFile; fileRef = 65891FCD2463F66900E11F7E /* PKWeb3EthAccounts.m */; };
		658ACDB9246B860300769DFA /* PKWeb3Crypto.m in Sources */ = {isa = PBXBuildFile; fileRef = 658ACDB8246B860300769DFA /* PKWeb3Crypto.m */; };
/* End PBXBuildFile section */

/* Begin PBXFileReference section */
		6504A3712462B75400CD20BB /* Web3Objc.app */ = {isa = PBXFileReference; explicitFileType = wrapper.application; includeInIndex = 0; path = Web3Objc.app; sourceTree = BUILT_PRODUCTS_DIR; };
		6504A3742462B75400CD20BB /* AppDelegate.h */ = {isa = PBXFileReference; lastKnownFileType = sourcecode.c.h; path = AppDelegate.h; sourceTree = "<group>"; };
		6504A3752462B75400CD20BB /* AppDelegate.m */ = {isa = PBXFileReference; lastKnownFileType = sourcecode.c.objc; path = AppDelegate.m; sourceTree = "<group>"; };
		6504A3772462B75400CD20BB /* SceneDelegate.h */ = {isa = PBXFileReference; lastKnownFileType = sourcecode.c.h; path = SceneDelegate.h; sourceTree = "<group>"; };
		6504A3782462B75400CD20BB /* SceneDelegate.m */ = {isa = PBXFileReference; lastKnownFileType = sourcecode.c.objc; path = SceneDelegate.m; sourceTree = "<group>"; };
		6504A37A2462B75400CD20BB /* ViewController.h */ = {isa = PBXFileReference; lastKnownFileType = sourcecode.c.h; path = ViewController.h; sourceTree = "<group>"; };
		6504A37B2462B75400CD20BB /* ViewController.m */ = {isa = PBXFileReference; lastKnownFileType = sourcecode.c.objc; path = ViewController.m; sourceTree = "<group>"; };
		6504A37E2462B75400CD20BB /* Base */ = {isa = PBXFileReference; lastKnownFileType = file.storyboard; name = Base; path = Base.lproj/Main.storyboard; sourceTree = "<group>"; };
		6504A3802462B75700CD20BB /* Assets.xcassets */ = {isa = PBXFileReference; lastKnownFileType = folder.assetcatalog; path = Assets.xcassets; sourceTree = "<group>"; };
		6504A3832462B75700CD20BB /* Base */ = {isa = PBXFileReference; lastKnownFileType = file.storyboard; name = Base; path = Base.lproj/LaunchScreen.storyboard; sourceTree = "<group>"; };
		6504A3852462B75700CD20BB /* Info.plist */ = {isa = PBXFileReference; lastKnownFileType = text.plist.xml; path = Info.plist; sourceTree = "<group>"; };
		6504A3862462B75700CD20BB /* main.m */ = {isa = PBXFileReference; lastKnownFileType = sourcecode.c.objc; path = main.m; sourceTree = "<group>"; };
		6504A38F2463A4F100CD20BB /* Reachability.m */ = {isa = PBXFileReference; fileEncoding = 4; lastKnownFileType = sourcecode.c.objc; path = Reachability.m; sourceTree = "<group>"; };
		6504A3902463A4F100CD20BB /* Reachability.h */ = {isa = PBXFileReference; fileEncoding = 4; lastKnownFileType = sourcecode.c.h; path = Reachability.h; sourceTree = "<group>"; };
		6504A4102463A4F100CD20BB /* ccMemory.h */ = {isa = PBXFileReference; fileEncoding = 4; lastKnownFileType = sourcecode.c.h; path = ccMemory.h; sourceTree = "<group>"; };
		6504A4112463A4F100CD20BB /* scrypt_sha256.h */ = {isa = PBXFileReference; fileEncoding = 4; lastKnownFileType = sourcecode.c.h; path = scrypt_sha256.h; sourceTree = "<group>"; };
		6504A4122463A4F100CD20BB /* crypto_scrypt.h */ = {isa = PBXFileReference; fileEncoding = 4; lastKnownFileType = sourcecode.c.h; path = crypto_scrypt.h; sourceTree = "<group>"; };
		6504A4132463A4F100CD20BB /* sysendian.h */ = {isa = PBXFileReference; fileEncoding = 4; lastKnownFileType = sourcecode.c.h; path = sysendian.h; sourceTree = "<group>"; };
		6504A4142463A4F100CD20BB /* scrypt_sha256.c */ = {isa = PBXFileReference; fileEncoding = 4; lastKnownFileType = sourcecode.c.c; path = scrypt_sha256.c; sourceTree = "<group>"; };
		6504A4152463A4F100CD20BB /* crypto_scrypt-nosse.c */ = {isa = PBXFileReference; fileEncoding = 4; lastKnownFileType = sourcecode.c.c; path = "crypto_scrypt-nosse.c"; sourceTree = "<group>"; };
		6504A4172463A4F100CD20BB /* SSKeychain.h */ = {isa = PBXFileReference; fileEncoding = 4; lastKnownFileType = sourcecode.c.h; path = SSKeychain.h; sourceTree = "<group>"; };
		6504A4182463A4F100CD20BB /* SSKeychain.m */ = {isa = PBXFileReference; fileEncoding = 4; lastKnownFileType = sourcecode.c.objc; path = SSKeychain.m; sourceTree = "<group>"; };
		6504A41A2463A4F100CD20BB /* SBJsonBase.h */ = {isa = PBXFileReference; fileEncoding = 4; lastKnownFileType = sourcecode.c.h; path = SBJsonBase.h; sourceTree = "<group>"; };
		6504A41B2463A4F100CD20BB /* SBJsonWriter.h */ = {isa = PBXFileReference; fileEncoding = 4; lastKnownFileType = sourcecode.c.h; path = SBJsonWriter.h; sourceTree = "<group>"; };
		6504A41C2463A4F100CD20BB /* SBJsonParser.m */ = {isa = PBXFileReference; fileEncoding = 4; lastKnownFileType = sourcecode.c.objc; path = SBJsonParser.m; sourceTree = "<group>"; };
		6504A41D2463A4F100CD20BB /* SBJSON.m */ = {isa = PBXFileReference; fileEncoding = 4; lastKnownFileType = sourcecode.c.objc; path = SBJSON.m; sourceTree = "<group>"; };
		6504A41E2463A4F100CD20BB /* SBJsonBase.m */ = {isa = PBXFileReference; fileEncoding = 4; lastKnownFileType = sourcecode.c.objc; path = SBJsonBase.m; sourceTree = "<group>"; };
		6504A41F2463A4F100CD20BB /* SBJsonWriter.m */ = {isa = PBXFileReference; fileEncoding = 4; lastKnownFileType = sourcecode.c.objc; path = SBJsonWriter.m; sourceTree = "<group>"; };
		6504A4202463A4F100CD20BB /* SBJsonParser.h */ = {isa = PBXFileReference; fileEncoding = 4; lastKnownFileType = sourcecode.c.h; path = SBJsonParser.h; sourceTree = "<group>"; };
		6504A4212463A4F100CD20BB /* SBJSON.h */ = {isa = PBXFileReference; fileEncoding = 4; lastKnownFileType = sourcecode.c.h; path = SBJSON.h; sourceTree = "<group>"; };
		6504A4D32463AADC00CD20BB /* NSMutableData+CVETH.m */ = {isa = PBXFileReference; fileEncoding = 4; lastKnownFileType = sourcecode.c.objc; path = "NSMutableData+CVETH.m"; sourceTree = "<group>"; };
		6504A4D42463AADC00CD20BB /* NSMutableData+CVETH.h */ = {isa = PBXFileReference; fileEncoding = 4; lastKnownFileType = sourcecode.c.h; path = "NSMutableData+CVETH.h"; sourceTree = "<group>"; };
		6504A4D62463AADC00CD20BB /* NSObject+CVETH.h */ = {isa = PBXFileReference; fileEncoding = 4; lastKnownFileType = sourcecode.c.h; path = "NSObject+CVETH.h"; sourceTree = "<group>"; };
		6504A4D72463AADC00CD20BB /* NSObject+CVETH.m */ = {isa = PBXFileReference; fileEncoding = 4; lastKnownFileType = sourcecode.c.objc; path = "NSObject+CVETH.m"; sourceTree = "<group>"; };
		6504A4D92463AADC00CD20BB /* NSString+CVETH.m */ = {isa = PBXFileReference; fileEncoding = 4; lastKnownFileType = sourcecode.c.objc; path = "NSString+CVETH.m"; sourceTree = "<group>"; };
		6504A4DA2463AADC00CD20BB /* NSString+CVETH.h */ = {isa = PBXFileReference; fileEncoding = 4; lastKnownFileType = sourcecode.c.h; path = "NSString+CVETH.h"; sourceTree = "<group>"; };
		6504A4DC2463AADC00CD20BB /* NSData+SECP256K1.m */ = {isa = PBXFileReference; fileEncoding = 4; lastKnownFileType = sourcecode.c.objc; path = "NSData+SECP256K1.m"; sourceTree = "<group>"; };
		6504A4DD2463AADC00CD20BB /* NSData+CVETH.h */ = {isa = PBXFileReference; fileEncoding = 4; lastKnownFileType = sourcecode.c.h; path = "NSData+CVETH.h"; sourceTree = "<group>"; };
		6504A4DE2463AADC00CD20BB /* NSData+CVETH.m */ = {isa = PBXFileReference; fileEncoding = 4; lastKnownFileType = sourcecode.c.objc; path = "NSData+CVETH.m"; sourceTree = "<group>"; };
		6504A4DF2463AADC00CD20BB /* NSData+SECP256K1.h */ = {isa = PBXFileReference; fileEncoding = 4; lastKnownFileType = sourcecode.c.h; path = "NSData+SECP256K1.h"; sourceTree = "<group>"; };
		6504A4E12463AADC00CD20BB /* NSDecimalNumber+MOD.h */ = {isa = PBXFileReference; fileEncoding = 4; lastKnownFileType = sourcecode.c.h; path = "NSDecimalNumber+MOD.h"; sourceTree = "<group>"; };
		6504A4E22463AADC00CD20BB /* NSDecimalNumber+MOD.m */ = {isa = PBXFileReference; fileEncoding = 4; lastKnownFileType = sourcecode.c.objc; path = "NSDecimalNumber+MOD.m"; sourceTree = "<group>"; };
		6504A4EB2463AB6F00CD20BB /* CVETHTransaction.h */ = {isa = PBXFileReference; fileEncoding = 4; lastKnownFileType = sourcecode.c.h; path = CVETHTransaction.h; sourceTree = "<group>"; };
		6504A4EC2463AB6F00CD20BB /* CVETHTransaction.m */ = {isa = PBXFileReference; fileEncoding = 4; lastKnownFileType = sourcecode.c.objc; path = CVETHTransaction.m; sourceTree = "<group>"; };
		6504A4EE2463AB6F00CD20BB /* CVETHJsonRPC.h */ = {isa = PBXFileReference; fileEncoding = 4; lastKnownFileType = sourcecode.c.h; path = CVETHJsonRPC.h; sourceTree = "<group>"; };
		6504A4EF2463AB6F00CD20BB /* CVETHJsonRPC.m */ = {isa = PBXFileReference; fileEncoding = 4; lastKnownFileType = sourcecode.c.objc; path = CVETHJsonRPC.m; sourceTree = "<group>"; };
		6504A4F02463AB6F00CD20BB /* CVETH.m */ = {isa = PBXFileReference; fileEncoding = 4; lastKnownFileType = sourcecode.c.objc; path = CVETH.m; sourceTree = "<group>"; };
		6504A4F22463AB6F00CD20BB /* CVETHABIArgument.h */ = {isa = PBXFileReference; fileEncoding = 4; lastKnownFileType = sourcecode.c.h; path = CVETHABIArgument.h; sourceTree = "<group>"; };
		6504A4F32463AB6F00CD20BB /* CVETHABIArgument.m */ = {isa = PBXFileReference; fileEncoding = 4; lastKnownFileType = sourcecode.c.objc; path = CVETHABIArgument.m; sourceTree = "<group>"; };
		6504A4F52463AB6F00CD20BB /* CVETHWallet.m */ = {isa = PBXFileReference; fileEncoding = 4; lastKnownFileType = sourcecode.c.objc; path = CVETHWallet.m; sourceTree = "<group>"; };
		6504A4F62463AB6F00CD20BB /* CVETHKeyStore.h */ = {isa = PBXFileReference; fileEncoding = 4; lastKnownFileType = sourcecode.c.h; path = CVETHKeyStore.h; sourceTree = "<group>"; };
		6504A4F72463AB6F00CD20BB /* CVETHWallet.h */ = {isa = PBXFileReference; fileEncoding = 4; lastKnownFileType = sourcecode.c.h; path = CVETHWallet.h; sourceTree = "<group>"; };
		6504A4F82463AB6F00CD20BB /* CVETHKeyStore.m */ = {isa = PBXFileReference; fileEncoding = 4; lastKnownFileType = sourcecode.c.objc; path = CVETHKeyStore.m; sourceTree = "<group>"; };
		6504A4FA2463AB6F00CD20BB /* CVWebAPI.h */ = {isa = PBXFileReference; fileEncoding = 4; lastKnownFileType = sourcecode.c.h; path = CVWebAPI.h; sourceTree = "<group>"; };
		6504A4FB2463AB6F00CD20BB /* CVWebAPI.m */ = {isa = PBXFileReference; fileEncoding = 4; lastKnownFileType = sourcecode.c.objc; path = CVWebAPI.m; sourceTree = "<group>"; };
		6504A4FC2463AB6F00CD20BB /* CVETH.h */ = {isa = PBXFileReference; fileEncoding = 4; lastKnownFileType = sourcecode.c.h; path = CVETH.h; sourceTree = "<group>"; };
		6542BF3924B2DC41000520CF /* CVBTCWallet.h */ = {isa = PBXFileReference; lastKnownFileType = sourcecode.c.h; path = CVBTCWallet.h; sourceTree = "<group>"; };
		6542BF3A24B2DC41000520CF /* CVBTCWallet.m */ = {isa = PBXFileReference; lastKnownFileType = sourcecode.c.objc; path = CVBTCWallet.m; sourceTree = "<group>"; };
		65891FBE2463ED3F00E11F7E /* PKWeb3Objc.h */ = {isa = PBXFileReference; lastKnownFileType = sourcecode.c.h; path = PKWeb3Objc.h; sourceTree = "<group>"; };
		65891FBF2463ED3F00E11F7E /* PKWeb3Objc.m */ = {isa = PBXFileReference; lastKnownFileType = sourcecode.c.objc; path = PKWeb3Objc.m; sourceTree = "<group>"; };
		65891FC12463ED9D00E11F7E /* PKWeb3Eth.h */ = {isa = PBXFileReference; lastKnownFileType = sourcecode.c.h; path = PKWeb3Eth.h; sourceTree = "<group>"; };
		65891FC22463ED9D00E11F7E /* PKWeb3Eth.m */ = {isa = PBXFileReference; lastKnownFileType = sourcecode.c.objc; path = PKWeb3Eth.m; sourceTree = "<group>"; };
		65891FC42463EDA800E11F7E /* PKWeb3Utils.h */ = {isa = PBXFileReference; lastKnownFileType = sourcecode.c.h; path = PKWeb3Utils.h; sourceTree = "<group>"; };
		65891FC52463EDA800E11F7E /* PKWeb3Utils.m */ = {isa = PBXFileReference; lastKnownFileType = sourcecode.c.objc; path = PKWeb3Utils.m; sourceTree = "<group>"; };
		65891FC92463F65B00E11F7E /* PKWeb3EthContract.h */ = {isa = PBXFileReference; lastKnownFileType = sourcecode.c.h; path = PKWeb3EthContract.h; sourceTree = "<group>"; };
		65891FCA2463F65B00E11F7E /* PKWeb3EthContract.m */ = {isa = PBXFileReference; lastKnownFileType = sourcecode.c.objc; path = PKWeb3EthContract.m; sourceTree = "<group>"; };
		65891FCC2463F66900E11F7E /* PKWeb3EthAccounts.h */ = {isa = PBXFileReference; lastKnownFileType = sourcecode.c.h; path = PKWeb3EthAccounts.h; sourceTree = "<group>"; };
		65891FCD2463F66900E11F7E /* PKWeb3EthAccounts.m */ = {isa = PBXFileReference; lastKnownFileType = sourcecode.c.objc; path = PKWeb3EthAccounts.m; sourceTree = "<group>"; };
		658ACDB7246B860300769DFA /* PKWeb3Crypto.h */ = {isa = PBXFileReference; lastKnownFileType = sourcecode.c.h; path = PKWeb3Crypto.h; sourceTree = "<group>"; };
		658ACDB8246B860300769DFA /* PKWeb3Crypto.m */ = {isa = PBXFileReference; lastKnownFileType = sourcecode.c.objc; path = PKWeb3Crypto.m; sourceTree = "<group>"; };
		A98BF9BFF7BEBE031F615939 /* Pods-Web3Objc.release.xcconfig */ = {isa = PBXFileReference; includeInIndex = 1; lastKnownFileType = text.xcconfig; name = "Pods-Web3Objc.release.xcconfig"; path = "Pods/Target Support Files/Pods-Web3Objc/Pods-Web3Objc.release.xcconfig"; sourceTree = "<group>"; };
		D1CBF372FC1AAAEA8FC877F0 /* Pods-Web3Objc.debug.xcconfig */ = {isa = PBXFileReference; includeInIndex = 1; lastKnownFileType = text.xcconfig; name = "Pods-Web3Objc.debug.xcconfig"; path = "Pods/Target Support Files/Pods-Web3Objc/Pods-Web3Objc.debug.xcconfig"; sourceTree = "<group>"; };
		FA120132AFF3F96DC23A2F2D /* libPods-Web3Objc.a */ = {isa = PBXFileReference; explicitFileType = archive.ar; includeInIndex = 0; path = "libPods-Web3Objc.a"; sourceTree = BUILT_PRODUCTS_DIR; };
/* End PBXFileReference section */

/* Begin PBXFrameworksBuildPhase section */
		6504A36E2462B75400CD20BB /* Frameworks */ = {
			isa = PBXFrameworksBuildPhase;
			buildActionMask = 2147483647;
			files = (
				2CF8217B350324FCF0D9B43F /* libPods-Web3Objc.a in Frameworks */,
			);
			runOnlyForDeploymentPostprocessing = 0;
		};
/* End PBXFrameworksBuildPhase section */

/* Begin PBXGroup section */
		2EFDE0DB83D65149E96A34E1 /* Pods */ = {
			isa = PBXGroup;
			children = (
				D1CBF372FC1AAAEA8FC877F0 /* Pods-Web3Objc.debug.xcconfig */,
				A98BF9BFF7BEBE031F615939 /* Pods-Web3Objc.release.xcconfig */,
			);
			name = Pods;
			sourceTree = "<group>";
		};
		56616F229CC44971D9933B01 /* Frameworks */ = {
			isa = PBXGroup;
			children = (
				FA120132AFF3F96DC23A2F2D /* libPods-Web3Objc.a */,
			);
			name = Frameworks;
			sourceTree = "<group>";
		};
		6504A3682462B75400CD20BB = {
			isa = PBXGroup;
			children = (
				6504A3732462B75400CD20BB /* Web3Objc */,
				6504A3722462B75400CD20BB /* Products */,
				2EFDE0DB83D65149E96A34E1 /* Pods */,
				56616F229CC44971D9933B01 /* Frameworks */,
			);
			sourceTree = "<group>";
		};
		6504A3722462B75400CD20BB /* Products */ = {
			isa = PBXGroup;
			children = (
				6504A3712462B75400CD20BB /* Web3Objc.app */,
			);
			name = Products;
			sourceTree = "<group>";
		};
		6504A3732462B75400CD20BB /* Web3Objc */ = {
			isa = PBXGroup;
			children = (
				6542BF3724B2DC14000520CF /* CVBTCLib */,
				6504A4A02463A4FA00CD20BB /* Web3 */,
				6504A4E92463AB6F00CD20BB /* CVETHLib */,
				6504A4A32463A72D00CD20BB /* NSClasses */,
				6504A38D2462B79500CD20BB /* Dependency */,
				6504A3742462B75400CD20BB /* AppDelegate.h */,
				6504A3752462B75400CD20BB /* AppDelegate.m */,
				6504A3772462B75400CD20BB /* SceneDelegate.h */,
				6504A3782462B75400CD20BB /* SceneDelegate.m */,
				6504A37A2462B75400CD20BB /* ViewController.h */,
				6504A37B2462B75400CD20BB /* ViewController.m */,
				6504A37D2462B75400CD20BB /* Main.storyboard */,
				6504A3802462B75700CD20BB /* Assets.xcassets */,
				6504A3822462B75700CD20BB /* LaunchScreen.storyboard */,
				6504A3852462B75700CD20BB /* Info.plist */,
				6504A3862462B75700CD20BB /* main.m */,
			);
			path = Web3Objc;
			sourceTree = "<group>";
		};
		6504A38D2462B79500CD20BB /* Dependency */ = {
			isa = PBXGroup;
			children = (
				6504A38E2463A4F100CD20BB /* Reachability */,
				6504A4192463A4F100CD20BB /* SBJSON */,
				6504A40F2463A4F100CD20BB /* scrypt-1.1.6 */,
				6504A4162463A4F100CD20BB /* SSKeychain */,
			);
			path = Dependency;
			sourceTree = "<group>";
		};
		6504A38E2463A4F100CD20BB /* Reachability */ = {
			isa = PBXGroup;
			children = (
				6504A38F2463A4F100CD20BB /* Reachability.m */,
				6504A3902463A4F100CD20BB /* Reachability.h */,
			);
			path = Reachability;
			sourceTree = "<group>";
		};
		6504A40F2463A4F100CD20BB /* scrypt-1.1.6 */ = {
			isa = PBXGroup;
			children = (
				6504A4102463A4F100CD20BB /* ccMemory.h */,
				6504A4112463A4F100CD20BB /* scrypt_sha256.h */,
				6504A4122463A4F100CD20BB /* crypto_scrypt.h */,
				6504A4132463A4F100CD20BB /* sysendian.h */,
				6504A4142463A4F100CD20BB /* scrypt_sha256.c */,
				6504A4152463A4F100CD20BB /* crypto_scrypt-nosse.c */,
			);
			path = "scrypt-1.1.6";
			sourceTree = "<group>";
		};
		6504A4162463A4F100CD20BB /* SSKeychain */ = {
			isa = PBXGroup;
			children = (
				6504A4172463A4F100CD20BB /* SSKeychain.h */,
				6504A4182463A4F100CD20BB /* SSKeychain.m */,
			);
			path = SSKeychain;
			sourceTree = "<group>";
		};
		6504A4192463A4F100CD20BB /* SBJSON */ = {
			isa = PBXGroup;
			children = (
				6504A41A2463A4F100CD20BB /* SBJsonBase.h */,
				6504A41B2463A4F100CD20BB /* SBJsonWriter.h */,
				6504A41C2463A4F100CD20BB /* SBJsonParser.m */,
				6504A41D2463A4F100CD20BB /* SBJSON.m */,
				6504A41E2463A4F100CD20BB /* SBJsonBase.m */,
				6504A41F2463A4F100CD20BB /* SBJsonWriter.m */,
				6504A4202463A4F100CD20BB /* SBJsonParser.h */,
				6504A4212463A4F100CD20BB /* SBJSON.h */,
			);
			path = SBJSON;
			sourceTree = "<group>";
		};
		6504A4A02463A4FA00CD20BB /* Web3 */ = {
			isa = PBXGroup;
			children = (
				658ACDB6246B82F900769DFA /* Crypto */,
				6504A4A12463A4FA00CD20BB /* Utils */,
				6504A4A22463A4FA00CD20BB /* Eth */,
				65891FBE2463ED3F00E11F7E /* PKWeb3Objc.h */,
				65891FBF2463ED3F00E11F7E /* PKWeb3Objc.m */,
			);
			path = Web3;
			sourceTree = "<group>";
		};
		6504A4A12463A4FA00CD20BB /* Utils */ = {
			isa = PBXGroup;
			children = (
				65891FC42463EDA800E11F7E /* PKWeb3Utils.h */,
				65891FC52463EDA800E11F7E /* PKWeb3Utils.m */,
			);
			path = Utils;
			sourceTree = "<group>";
		};
		6504A4A22463A4FA00CD20BB /* Eth */ = {
			isa = PBXGroup;
			children = (
				65891FC82463F62B00E11F7E /* Accounts */,
				65891FC72463F62100E11F7E /* Contract */,
				65891FC12463ED9D00E11F7E /* PKWeb3Eth.h */,
				65891FC22463ED9D00E11F7E /* PKWeb3Eth.m */,
			);
			path = Eth;
			sourceTree = "<group>";
		};
		6504A4A32463A72D00CD20BB /* NSClasses */ = {
			isa = PBXGroup;
			children = (
				6504A4DB2463AADC00CD20BB /* NSData */,
				6504A4E02463AADC00CD20BB /* NSDecimalNumber */,
				6504A4D22463AADC00CD20BB /* NSMutableData */,
				6504A4D52463AADC00CD20BB /* NSObject */,
				6504A4D82463AADC00CD20BB /* NSString */,
			);
			path = NSClasses;
			sourceTree = "<group>";
		};
		6504A4D22463AADC00CD20BB /* NSMutableData */ = {
			isa = PBXGroup;
			children = (
				6504A4D42463AADC00CD20BB /* NSMutableData+CVETH.h */,
				6504A4D32463AADC00CD20BB /* NSMutableData+CVETH.m */,
			);
			path = NSMutableData;
			sourceTree = "<group>";
		};
		6504A4D52463AADC00CD20BB /* NSObject */ = {
			isa = PBXGroup;
			children = (
				6504A4D62463AADC00CD20BB /* NSObject+CVETH.h */,
				6504A4D72463AADC00CD20BB /* NSObject+CVETH.m */,
			);
			path = NSObject;
			sourceTree = "<group>";
		};
		6504A4D82463AADC00CD20BB /* NSString */ = {
			isa = PBXGroup;
			children = (
				6504A4DA2463AADC00CD20BB /* NSString+CVETH.h */,
				6504A4D92463AADC00CD20BB /* NSString+CVETH.m */,
			);
			path = NSString;
			sourceTree = "<group>";
		};
		6504A4DB2463AADC00CD20BB /* NSData */ = {
			isa = PBXGroup;
			children = (
				6504A4DF2463AADC00CD20BB /* NSData+SECP256K1.h */,
				6504A4DC2463AADC00CD20BB /* NSData+SECP256K1.m */,
				6504A4DD2463AADC00CD20BB /* NSData+CVETH.h */,
				6504A4DE2463AADC00CD20BB /* NSData+CVETH.m */,
			);
			path = NSData;
			sourceTree = "<group>";
		};
		6504A4E02463AADC00CD20BB /* NSDecimalNumber */ = {
			isa = PBXGroup;
			children = (
				6504A4E12463AADC00CD20BB /* NSDecimalNumber+MOD.h */,
				6504A4E22463AADC00CD20BB /* NSDecimalNumber+MOD.m */,
			);
			path = NSDecimalNumber;
			sourceTree = "<group>";
		};
		6504A4E92463AB6F00CD20BB /* CVETHLib */ = {
			isa = PBXGroup;
			children = (
				6504A4EA2463AB6F00CD20BB /* Transaction */,
				6504A4ED2463AB6F00CD20BB /* JsonRPC */,
				6504A4F12463AB6F00CD20BB /* ABI */,
				6504A4F42463AB6F00CD20BB /* Wallet */,
				6504A4F92463AB6F00CD20BB /* WebApi */,
				6504A4FC2463AB6F00CD20BB /* CVETH.h */,
				6504A4F02463AB6F00CD20BB /* CVETH.m */,
			);
			path = CVETHLib;
			sourceTree = "<group>";
		};
		6504A4EA2463AB6F00CD20BB /* Transaction */ = {
			isa = PBXGroup;
			children = (
				6504A4EB2463AB6F00CD20BB /* CVETHTransaction.h */,
				6504A4EC2463AB6F00CD20BB /* CVETHTransaction.m */,
			);
			path = Transaction;
			sourceTree = "<group>";
		};
		6504A4ED2463AB6F00CD20BB /* JsonRPC */ = {
			isa = PBXGroup;
			children = (
				6504A4EE2463AB6F00CD20BB /* CVETHJsonRPC.h */,
				6504A4EF2463AB6F00CD20BB /* CVETHJsonRPC.m */,
			);
			path = JsonRPC;
			sourceTree = "<group>";
		};
		6504A4F12463AB6F00CD20BB /* ABI */ = {
			isa = PBXGroup;
			children = (
				6504A4F22463AB6F00CD20BB /* CVETHABIArgument.h */,
				6504A4F32463AB6F00CD20BB /* CVETHABIArgument.m */,
			);
			path = ABI;
			sourceTree = "<group>";
		};
		6504A4F42463AB6F00CD20BB /* Wallet */ = {
			isa = PBXGroup;
			children = (
				6504A4F72463AB6F00CD20BB /* CVETHWallet.h */,
				6504A4F52463AB6F00CD20BB /* CVETHWallet.m */,
				6504A4F62463AB6F00CD20BB /* CVETHKeyStore.h */,
				6504A4F82463AB6F00CD20BB /* CVETHKeyStore.m */,
			);
			path = Wallet;
			sourceTree = "<group>";
		};
		6504A4F92463AB6F00CD20BB /* WebApi */ = {
			isa = PBXGroup;
			children = (
				6504A4FA2463AB6F00CD20BB /* CVWebAPI.h */,
				6504A4FB2463AB6F00CD20BB /* CVWebAPI.m */,
			);
			path = WebApi;
			sourceTree = "<group>";
		};
		6542BF3724B2DC14000520CF /* CVBTCLib */ = {
			isa = PBXGroup;
			children = (
				6542BF3824B2DC2D000520CF /* Wallet */,
			);
			path = CVBTCLib;
			sourceTree = "<group>";
		};
		6542BF3824B2DC2D000520CF /* Wallet */ = {
			isa = PBXGroup;
			children = (
				6542BF3924B2DC41000520CF /* CVBTCWallet.h */,
				6542BF3A24B2DC41000520CF /* CVBTCWallet.m */,
			);
			path = Wallet;
			sourceTree = "<group>";
		};
		65891FC72463F62100E11F7E /* Contract */ = {
			isa = PBXGroup;
			children = (
				65891FC92463F65B00E11F7E /* PKWeb3EthContract.h */,
				65891FCA2463F65B00E11F7E /* PKWeb3EthContract.m */,
			);
			path = Contract;
			sourceTree = "<group>";
		};
		65891FC82463F62B00E11F7E /* Accounts */ = {
			isa = PBXGroup;
			children = (
				65891FCC2463F66900E11F7E /* PKWeb3EthAccounts.h */,
				65891FCD2463F66900E11F7E /* PKWeb3EthAccounts.m */,
			);
			path = Accounts;
			sourceTree = "<group>";
		};
		658ACDB6246B82F900769DFA /* Crypto */ = {
			isa = PBXGroup;
			children = (
				658ACDB7246B860300769DFA /* PKWeb3Crypto.h */,
				658ACDB8246B860300769DFA /* PKWeb3Crypto.m */,
			);
			path = Crypto;
			sourceTree = "<group>";
		};
/* End PBXGroup section */

/* Begin PBXNativeTarget section */
		6504A3702462B75400CD20BB /* Web3Objc */ = {
			isa = PBXNativeTarget;
			buildConfigurationList = 6504A38A2462B75700CD20BB /* Build configuration list for PBXNativeTarget "Web3Objc" */;
			buildPhases = (
				82EC1E7DD8C445F72BF8591D /* [CP] Check Pods Manifest.lock */,
				6504A36D2462B75400CD20BB /* Sources */,
				6504A36E2462B75400CD20BB /* Frameworks */,
				6504A36F2462B75400CD20BB /* Resources */,
			);
			buildRules = (
			);
			dependencies = (
			);
			name = Web3Objc;
			productName = Web3Objc;
			productReference = 6504A3712462B75400CD20BB /* Web3Objc.app */;
			productType = "com.apple.product-type.application";
		};
/* End PBXNativeTarget section */

/* Begin PBXProject section */
		6504A3692462B75400CD20BB /* Project object */ = {
			isa = PBXProject;
			attributes = {
				LastUpgradeCheck = 1120;
				ORGANIZATIONNAME = coin;
				TargetAttributes = {
					6504A3702462B75400CD20BB = {
						CreatedOnToolsVersion = 11.2.1;
					};
				};
			};
			buildConfigurationList = 6504A36C2462B75400CD20BB /* Build configuration list for PBXProject "Web3Objc" */;
			compatibilityVersion = "Xcode 9.3";
			developmentRegion = en;
			hasScannedForEncodings = 0;
			knownRegions = (
				en,
				Base,
			);
			mainGroup = 6504A3682462B75400CD20BB;
			productRefGroup = 6504A3722462B75400CD20BB /* Products */;
			projectDirPath = "";
			projectRoot = "";
			targets = (
				6504A3702462B75400CD20BB /* Web3Objc */,
			);
		};
/* End PBXProject section */

/* Begin PBXResourcesBuildPhase section */
		6504A36F2462B75400CD20BB /* Resources */ = {
			isa = PBXResourcesBuildPhase;
			buildActionMask = 2147483647;
			files = (
				6504A3842462B75700CD20BB /* LaunchScreen.storyboard in Resources */,
				6504A3812462B75700CD20BB /* Assets.xcassets in Resources */,
				6504A37F2462B75400CD20BB /* Main.storyboard in Resources */,
			);
			runOnlyForDeploymentPostprocessing = 0;
		};
/* End PBXResourcesBuildPhase section */

/* Begin PBXShellScriptBuildPhase section */
		82EC1E7DD8C445F72BF8591D /* [CP] Check Pods Manifest.lock */ = {
			isa = PBXShellScriptBuildPhase;
			buildActionMask = 2147483647;
			files = (
			);
			inputFileListPaths = (
			);
			inputPaths = (
				"${PODS_PODFILE_DIR_PATH}/Podfile.lock",
				"${PODS_ROOT}/Manifest.lock",
			);
			name = "[CP] Check Pods Manifest.lock";
			outputFileListPaths = (
			);
			outputPaths = (
				"$(DERIVED_FILE_DIR)/Pods-Web3Objc-checkManifestLockResult.txt",
			);
			runOnlyForDeploymentPostprocessing = 0;
			shellPath = /bin/sh;
			shellScript = "diff \"${PODS_PODFILE_DIR_PATH}/Podfile.lock\" \"${PODS_ROOT}/Manifest.lock\" > /dev/null\nif [ $? != 0 ] ; then\n    # print error to STDERR\n    echo \"error: The sandbox is not in sync with the Podfile.lock. Run 'pod install' or update your CocoaPods installation.\" >&2\n    exit 1\nfi\n# This output is used by Xcode 'outputs' to avoid re-running this script phase.\necho \"SUCCESS\" > \"${SCRIPT_OUTPUT_FILE_0}\"\n";
			showEnvVarsInLog = 0;
		};
/* End PBXShellScriptBuildPhase section */

/* Begin PBXSourcesBuildPhase section */
		6504A36D2462B75400CD20BB /* Sources */ = {
			isa = PBXSourcesBuildPhase;
			buildActionMask = 2147483647;
			files = (
				658ACDB9246B860300769DFA /* PKWeb3Crypto.m in Sources */,
				6504A4E82463AADC00CD20BB /* NSDecimalNumber+MOD.m in Sources */,
				6504A37C2462B75400CD20BB /* ViewController.m in Sources */,
				6542BF3B24B2DC41000520CF /* CVBTCWallet.m in Sources */,
				6504A4982463A4F200CD20BB /* SBJSON.m in Sources */,
				6504A5012463AB6F00CD20BB /* CVETHWallet.m in Sources */,
				6504A4E32463AADC00CD20BB /* NSMutableData+CVETH.m in Sources */,
				6504A3762462B75400CD20BB /* AppDelegate.m in Sources */,
				6504A4FD2463AB6F00CD20BB /* CVETHTransaction.m in Sources */,
				6504A4962463A4F200CD20BB /* SSKeychain.m in Sources */,
				6504A4992463A4F200CD20BB /* SBJsonBase.m in Sources */,
				6504A4E42463AADC00CD20BB /* NSObject+CVETH.m in Sources */,
				6504A4E62463AADC00CD20BB /* NSData+SECP256K1.m in Sources */,
				65891FCE2463F66900E11F7E /* PKWeb3EthAccounts.m in Sources */,
				65891FCB2463F65B00E11F7E /* PKWeb3EthContract.m in Sources */,
				65891FC02463ED3F00E11F7E /* PKWeb3Objc.m in Sources */,
				6504A4FE2463AB6F00CD20BB /* CVETHJsonRPC.m in Sources */,
				6504A4972463A4F200CD20BB /* SBJsonParser.m in Sources */,
				6504A3872462B75700CD20BB /* main.m in Sources */,
				6504A3792462B75400CD20BB /* SceneDelegate.m in Sources */,
				6504A5002463AB6F00CD20BB /* CVETHABIArgument.m in Sources */,
				65891FC32463ED9D00E11F7E /* PKWeb3Eth.m in Sources */,
				6504A45E2463A4F200CD20BB /* Reachability.m in Sources */,
				6504A4FF2463AB6F00CD20BB /* CVETH.m in Sources */,
				6504A5022463AB6F00CD20BB /* CVETHKeyStore.m in Sources */,
				6504A4942463A4F200CD20BB /* scrypt_sha256.c in Sources */,
				6504A4E72463AADC00CD20BB /* NSData+CVETH.m in Sources */,
				6504A4952463A4F200CD20BB /* crypto_scrypt-nosse.c in Sources */,
				6504A49A2463A4F200CD20BB /* SBJsonWriter.m in Sources */,
				65891FC62463EDA800E11F7E /* PKWeb3Utils.m in Sources */,
				6504A5032463AB6F00CD20BB /* CVWebAPI.m in Sources */,
				6504A4E52463AADC00CD20BB /* NSString+CVETH.m in Sources */,
			);
			runOnlyForDeploymentPostprocessing = 0;
		};
/* End PBXSourcesBuildPhase section */

/* Begin PBXVariantGroup section */
		6504A37D2462B75400CD20BB /* Main.storyboard */ = {
			isa = PBXVariantGroup;
			children = (
				6504A37E2462B75400CD20BB /* Base */,
			);
			name = Main.storyboard;
			sourceTree = "<group>";
		};
		6504A3822462B75700CD20BB /* LaunchScreen.storyboard */ = {
			isa = PBXVariantGroup;
			children = (
				6504A3832462B75700CD20BB /* Base */,
			);
			name = LaunchScreen.storyboard;
			sourceTree = "<group>";
		};
/* End PBXVariantGroup section */

/* Begin XCBuildConfiguration section */
		6504A3882462B75700CD20BB /* Debug */ = {
			isa = XCBuildConfiguration;
			buildSettings = {
				ALWAYS_SEARCH_USER_PATHS = NO;
				CLANG_ANALYZER_NONNULL = YES;
				CLANG_ANALYZER_NUMBER_OBJECT_CONVERSION = YES_AGGRESSIVE;
				CLANG_CXX_LANGUAGE_STANDARD = "gnu++14";
				CLANG_CXX_LIBRARY = "libc++";
				CLANG_ENABLE_MODULES = YES;
				CLANG_ENABLE_OBJC_ARC = YES;
				CLANG_ENABLE_OBJC_WEAK = YES;
				CLANG_WARN_BLOCK_CAPTURE_AUTORELEASING = YES;
				CLANG_WARN_BOOL_CONVERSION = YES;
				CLANG_WARN_COMMA = YES;
				CLANG_WARN_CONSTANT_CONVERSION = YES;
				CLANG_WARN_DEPRECATED_OBJC_IMPLEMENTATIONS = YES;
				CLANG_WARN_DIRECT_OBJC_ISA_USAGE = YES_ERROR;
				CLANG_WARN_DOCUMENTATION_COMMENTS = YES;
				CLANG_WARN_EMPTY_BODY = YES;
				CLANG_WARN_ENUM_CONVERSION = YES;
				CLANG_WARN_INFINITE_RECURSION = YES;
				CLANG_WARN_INT_CONVERSION = YES;
				CLANG_WARN_NON_LITERAL_NULL_CONVERSION = YES;
				CLANG_WARN_OBJC_IMPLICIT_RETAIN_SELF = YES;
				CLANG_WARN_OBJC_LITERAL_CONVERSION = YES;
				CLANG_WARN_OBJC_ROOT_CLASS = YES_ERROR;
				CLANG_WARN_RANGE_LOOP_ANALYSIS = YES;
				CLANG_WARN_STRICT_PROTOTYPES = YES;
				CLANG_WARN_SUSPICIOUS_MOVE = YES;
				CLANG_WARN_UNGUARDED_AVAILABILITY = YES_AGGRESSIVE;
				CLANG_WARN_UNREACHABLE_CODE = YES;
				CLANG_WARN__DUPLICATE_METHOD_MATCH = YES;
				COPY_PHASE_STRIP = NO;
				DEBUG_INFORMATION_FORMAT = dwarf;
				ENABLE_STRICT_OBJC_MSGSEND = YES;
				ENABLE_TESTABILITY = YES;
				GCC_C_LANGUAGE_STANDARD = gnu11;
				GCC_DYNAMIC_NO_PIC = NO;
				GCC_NO_COMMON_BLOCKS = YES;
				GCC_OPTIMIZATION_LEVEL = 0;
				GCC_PREPROCESSOR_DEFINITIONS = (
					"DEBUG=1",
					"$(inherited)",
				);
				GCC_WARN_64_TO_32_BIT_CONVERSION = YES;
				GCC_WARN_ABOUT_RETURN_TYPE = YES_ERROR;
				GCC_WARN_UNDECLARED_SELECTOR = YES;
				GCC_WARN_UNINITIALIZED_AUTOS = YES_AGGRESSIVE;
				GCC_WARN_UNUSED_FUNCTION = YES;
				GCC_WARN_UNUSED_VARIABLE = YES;
				IPHONEOS_DEPLOYMENT_TARGET = 13.2;
				MTL_ENABLE_DEBUG_INFO = INCLUDE_SOURCE;
				MTL_FAST_MATH = YES;
				ONLY_ACTIVE_ARCH = YES;
				SDKROOT = iphoneos;
			};
			name = Debug;
		};
		6504A3892462B75700CD20BB /* Release */ = {
			isa = XCBuildConfiguration;
			buildSettings = {
				ALWAYS_SEARCH_USER_PATHS = NO;
				CLANG_ANALYZER_NONNULL = YES;
				CLANG_ANALYZER_NUMBER_OBJECT_CONVERSION = YES_AGGRESSIVE;
				CLANG_CXX_LANGUAGE_STANDARD = "gnu++14";
				CLANG_CXX_LIBRARY = "libc++";
				CLANG_ENABLE_MODULES = YES;
				CLANG_ENABLE_OBJC_ARC = YES;
				CLANG_ENABLE_OBJC_WEAK = YES;
				CLANG_WARN_BLOCK_CAPTURE_AUTORELEASING = YES;
				CLANG_WARN_BOOL_CONVERSION = YES;
				CLANG_WARN_COMMA = YES;
				CLANG_WARN_CONSTANT_CONVERSION = YES;
				CLANG_WARN_DEPRECATED_OBJC_IMPLEMENTATIONS = YES;
				CLANG_WARN_DIRECT_OBJC_ISA_USAGE = YES_ERROR;
				CLANG_WARN_DOCUMENTATION_COMMENTS = YES;
				CLANG_WARN_EMPTY_BODY = YES;
				CLANG_WARN_ENUM_CONVERSION = YES;
				CLANG_WARN_INFINITE_RECURSION = YES;
				CLANG_WARN_INT_CONVERSION = YES;
				CLANG_WARN_NON_LITERAL_NULL_CONVERSION = YES;
				CLANG_WARN_OBJC_IMPLICIT_RETAIN_SELF = YES;
				CLANG_WARN_OBJC_LITERAL_CONVERSION = YES;
				CLANG_WARN_OBJC_ROOT_CLASS = YES_ERROR;
				CLANG_WARN_RANGE_LOOP_ANALYSIS = YES;
				CLANG_WARN_STRICT_PROTOTYPES = YES;
				CLANG_WARN_SUSPICIOUS_MOVE = YES;
				CLANG_WARN_UNGUARDED_AVAILABILITY = YES_AGGRESSIVE;
				CLANG_WARN_UNREACHABLE_CODE = YES;
				CLANG_WARN__DUPLICATE_METHOD_MATCH = YES;
				COPY_PHASE_STRIP = NO;
				DEBUG_INFORMATION_FORMAT = "dwarf-with-dsym";
				ENABLE_NS_ASSERTIONS = NO;
				ENABLE_STRICT_OBJC_MSGSEND = YES;
				GCC_C_LANGUAGE_STANDARD = gnu11;
				GCC_NO_COMMON_BLOCKS = YES;
				GCC_WARN_64_TO_32_BIT_CONVERSION = YES;
				GCC_WARN_ABOUT_RETURN_TYPE = YES_ERROR;
				GCC_WARN_UNDECLARED_SELECTOR = YES;
				GCC_WARN_UNINITIALIZED_AUTOS = YES_AGGRESSIVE;
				GCC_WARN_UNUSED_FUNCTION = YES;
				GCC_WARN_UNUSED_VARIABLE = YES;
				IPHONEOS_DEPLOYMENT_TARGET = 13.2;
				MTL_ENABLE_DEBUG_INFO = NO;
				MTL_FAST_MATH = YES;
				SDKROOT = iphoneos;
				VALIDATE_PRODUCT = YES;
			};
			name = Release;
		};
		6504A38B2462B75700CD20BB /* Debug */ = {
			isa = XCBuildConfiguration;
			baseConfigurationReference = D1CBF372FC1AAAEA8FC877F0 /* Pods-Web3Objc.debug.xcconfig */;
			buildSettings = {
				ASSETCATALOG_COMPILER_APPICON_NAME = AppIcon;
				CODE_SIGN_STYLE = Automatic;
				INFOPLIST_FILE = Web3Objc/Info.plist;
				LD_RUNPATH_SEARCH_PATHS = (
					"$(inherited)",
					"@executable_path/Frameworks",
				);
				PRODUCT_BUNDLE_IDENTIFIER = kr.coinvest.Web3Objc;
				PRODUCT_NAME = "$(TARGET_NAME)";
				TARGETED_DEVICE_FAMILY = "1,2";
			};
			name = Debug;
		};
		6504A38C2462B75700CD20BB /* Release */ = {
			isa = XCBuildConfiguration;
			baseConfigurationReference = A98BF9BFF7BEBE031F615939 /* Pods-Web3Objc.release.xcconfig */;
			buildSettings = {
				ASSETCATALOG_COMPILER_APPICON_NAME = AppIcon;
				CODE_SIGN_STYLE = Automatic;
				INFOPLIST_FILE = Web3Objc/Info.plist;
				LD_RUNPATH_SEARCH_PATHS = (
					"$(inherited)",
					"@executable_path/Frameworks",
				);
				PRODUCT_BUNDLE_IDENTIFIER = kr.coinvest.Web3Objc;
				PRODUCT_NAME = "$(TARGET_NAME)";
				TARGETED_DEVICE_FAMILY = "1,2";
			};
			name = Release;
		};
/* End XCBuildConfiguration section */

/* Begin XCConfigurationList section */
		6504A36C2462B75400CD20BB /* Build configuration list for PBXProject "Web3Objc" */ = {
			isa = XCConfigurationList;
			buildConfigurations = (
				6504A3882462B75700CD20BB /* Debug */,
				6504A3892462B75700CD20BB /* Release */,
			);
			defaultConfigurationIsVisible = 0;
			defaultConfigurationName = Release;
		};
		6504A38A2462B75700CD20BB /* Build configuration list for PBXNativeTarget "Web3Objc" */ = {
			isa = XCConfigurationList;
			buildConfigurations = (
				6504A38B2462B75700CD20BB /* Debug */,
				6504A38C2462B75700CD20BB /* Release */,
			);
			defaultConfigurationIsVisible = 0;
			defaultConfigurationName = Release;
		};
/* End XCConfigurationList section */
	};
	rootObject = 6504A3692462B75400CD20BB /* Project object */;
}
